
Microsoft Visual Studio Solution File, Format Version 12.00
# Visual Studio Version 16
VisualStudioVersion = 16.0.30104.148
MinimumVisualStudioVersion = 10.0.40219.1
Project("{FAE04EC0-301F-11D3-BF4B-00C04F79EFBC}") = "Technovert.BankApp.FTZServices", "Technovert.BankApp.FTZServices\Technovert.BankApp.FTZServices.csproj", "{88DFF0D3-9091-4A03-BFDF-AEF71471D8B5}"
EndProject
Project("{FAE04EC0-301F-11D3-BF4B-00C04F79EFBC}") = "Technovert.MikasaWebSite", "Technovert.MikasaWebSite\Technovert.MikasaWebSite.csproj", "{1C80005A-1A4E-4BD3-9369-101ECDAACE5D}"
EndProject
Global
	GlobalSection(SolutionConfigurationPlatforms) = preSolution
		Debug|Any CPU = Debug|Any CPU
		Release|Any CPU = Release|Any CPU
	EndGlobalSection
	GlobalSection(ProjectConfigurationPlatforms) = postSolution
		{88DFF0D3-9091-4A03-BFDF-AEF71471D8B5}.Debug|Any CPU.ActiveCfg = Debug|Any CPU
		{88DFF0D3-9091-4A03-BFDF-AEF71471D8B5}.Debug|Any CPU.Build.0 = Debug|Any CPU
		{88DFF0D3-9091-4A03-BFDF-AEF71471D8B5}.Release|Any CPU.ActiveCfg = Release|Any CPU
		{88DFF0D3-9091-4A03-BFDF-AEF71471D8B5}.Release|Any CPU.Build.0 = Release|Any CPU
		{1C80005A-1A4E-4BD3-9369-101ECDAACE5D}.Debug|Any CPU.ActiveCfg = Debug|Any CPU
		{1C80005A-1A4E-4BD3-9369-101ECDAACE5D}.Debug|Any CPU.Build.0 = Debug|Any CPU
		{1C80005A-1A4E-4BD3-9369-101ECDAACE5D}.Release|Any CPU.ActiveCfg = Release|Any CPU
		{1C80005A-1A4E-4BD3-9369-101ECDAACE5D}.Release|Any CPU.Build.0 = Release|Any CPU
	EndGlobalSection
	GlobalSection(SolutionProperties) = preSolution
		HideSolutionNode = FALSE
	EndGlobalSection
	GlobalSection(ExtensibilityGlobals) = postSolution
		SolutionGuid = {6DCF8EB7-CE15-4B30-AAEA-4B50ED3771D9}
	EndGlobalSection
EndGlobal
